
Microsoft Visual Studio Solution File, Format Version 12.00
# Visual Studio 2013
VisualStudioVersion = 12.0.30110.0
MinimumVisualStudioVersion = 10.0.40219.1
Project("{FAE04EC0-301F-11D3-BF4B-00C04F79EFBC}") = "CaleidoscopioWebApp", "CaleidoscopioWebApp\CaleidoscopioWebApp.csproj", "{BA1A6F70-FED3-4AA7-AD57-6C2C016BDA1D}"
EndProject
Project("{2150E333-8FDC-42A3-9474-1A3956D46DE8}") = ".nuget", ".nuget", "{611E70A7-C01B-4D5A-9635-9AB548147A82}"
	ProjectSection(SolutionItems) = preProject
		.nuget\NuGet.Config = .nuget\NuGet.Config
		.nuget\NuGet.exe = .nuget\NuGet.exe
		.nuget\NuGet.targets = .nuget\NuGet.targets
	EndProjectSection
EndProject
Project("{2150E333-8FDC-42A3-9474-1A3956D46DE8}") = "Documentos deSoporte", "Documentos deSoporte", "{B869D9E4-F5B2-4168-BD24-A563A5423A7A}"
	ProjectSection(SolutionItems) = preProject
		Documentos de soporte\Caleodoscopio.mpp = Documentos de soporte\Caleodoscopio.mpp
		Documentos de soporte\Diego David Ramirez Hernandez.docx = Documentos de soporte\Diego David Ramirez Hernandez.docx
		Documentos de soporte\Project - Caleodoscopio.pdf = Documentos de soporte\Project - Caleodoscopio.pdf
		TextFile1.txt = TextFile1.txt
	EndProjectSection
EndProject
Project("{2150E333-8FDC-42A3-9474-1A3956D46DE8}") = "Mockups", "Mockups", "{1E32F162-CDB3-4DC2-B483-34FACC21420A}"
	ProjectSection(SolutionItems) = preProject
		Documentos de soporte\Mockups\Agregar_cat_-_EditorArtículos (6).png = Documentos de soporte\Mockups\Agregar_cat_-_EditorArtículos (6).png
		Documentos de soporte\Mockups\Agregar_cat_-_EditorContraportada (8).png = Documentos de soporte\Mockups\Agregar_cat_-_EditorContraportada (8).png
		Documentos de soporte\Mockups\Agregar_cat_-_EditorEventos (7).png = Documentos de soporte\Mockups\Agregar_cat_-_EditorEventos (7).png
		Documentos de soporte\Mockups\Agregar_cat_-_EditorImágenes (5).png = Documentos de soporte\Mockups\Agregar_cat_-_EditorImágenes (5).png
		Documentos de soporte\Mockups\Agregar_cat_-_EditorPortada (4).png = Documentos de soporte\Mockups\Agregar_cat_-_EditorPortada (4).png
		Documentos de soporte\Mockups\LogIn_-_AdminEditor (2).png = Documentos de soporte\Mockups\LogIn_-_AdminEditor (2).png
		Documentos de soporte\Mockups\Principal_-_Admin (9).png = Documentos de soporte\Mockups\Principal_-_Admin (9).png
		Documentos de soporte\Mockups\Principal_-_AdminUsuarios (10).png = Documentos de soporte\Mockups\Principal_-_AdminUsuarios (10).png
		Documentos de soporte\Mockups\Principal_-_Editor (3).png = Documentos de soporte\Mockups\Principal_-_Editor (3).png
		Documentos de soporte\Mockups\Principal_-_Usuario (1).png = Documentos de soporte\Mockups\Principal_-_Usuario (1).png
		Documentos de soporte\Mockups\Ver_catalogo (11).png = Documentos de soporte\Mockups\Ver_catalogo (11).png
	EndProjectSection
EndProject
Global
	GlobalSection(SolutionConfigurationPlatforms) = preSolution
		Debug|Any CPU = Debug|Any CPU
		Release|Any CPU = Release|Any CPU
	EndGlobalSection
	GlobalSection(ProjectConfigurationPlatforms) = postSolution
		{BA1A6F70-FED3-4AA7-AD57-6C2C016BDA1D}.Debug|Any CPU.ActiveCfg = Debug|Any CPU
		{BA1A6F70-FED3-4AA7-AD57-6C2C016BDA1D}.Debug|Any CPU.Build.0 = Debug|Any CPU
		{BA1A6F70-FED3-4AA7-AD57-6C2C016BDA1D}.Release|Any CPU.ActiveCfg = Release|Any CPU
		{BA1A6F70-FED3-4AA7-AD57-6C2C016BDA1D}.Release|Any CPU.Build.0 = Release|Any CPU
	EndGlobalSection
	GlobalSection(SolutionProperties) = preSolution
		HideSolutionNode = FALSE
	EndGlobalSection
	GlobalSection(NestedProjects) = preSolution
		{1E32F162-CDB3-4DC2-B483-34FACC21420A} = {B869D9E4-F5B2-4168-BD24-A563A5423A7A}
	EndGlobalSection
EndGlobal
